// !$*UTF8*$!
{
	archiveVersion = 1;
	classes = {
	};
	objectVersion = 46;
	objects = {

/* Begin PBXBuildFile section */
		370159171A226AE20033F609 /* RosterCell.xib in Resources */ = {isa = PBXBuildFile; fileRef = 370159161A226AE20033F609 /* RosterCell.xib */; };
		3701591D1A226D190033F609 /* RosterCell.m in Sources */ = {isa = PBXBuildFile; fileRef = 3701591C1A226D190033F609 /* RosterCell.m */; };
		3701591F1A2272560033F609 /* OutcomeCell.xib in Resources */ = {isa = PBXBuildFile; fileRef = 3701591E1A2272560033F609 /* OutcomeCell.xib */; };
		370159221A2272C80033F609 /* OutcomeCell.m in Sources */ = {isa = PBXBuildFile; fileRef = 370159211A2272C80033F609 /* OutcomeCell.m */; };
		370159241A227A640033F609 /* Outcome.png in Resources */ = {isa = PBXBuildFile; fileRef = 370159231A227A640033F609 /* Outcome.png */; };
		3701592F1A22A26D0033F609 /* PerformanceIndicators.xib in Resources */ = {isa = PBXBuildFile; fileRef = 3701592E1A22A26D0033F609 /* PerformanceIndicators.xib */; };
		370159321A22A31B0033F609 /* PerformanceIndicators.m in Sources */ = {isa = PBXBuildFile; fileRef = 370159311A22A31B0033F609 /* PerformanceIndicators.m */; };
		370159341A22A85F0033F609 /* separator.png in Resources */ = {isa = PBXBuildFile; fileRef = 370159331A22A85F0033F609 /* separator.png */; };
		37042A0E1A2033AA00C7EA69 /* ClassList.m in Sources */ = {isa = PBXBuildFile; fileRef = 37042A0D1A2033AA00C7EA69 /* ClassList.m */; };
		372A52071A31736300A21D2F /* drop-down.png in Resources */ = {isa = PBXBuildFile; fileRef = 372A52061A31736300A21D2F /* drop-down.png */; };
		372A520D1A31785F00A21D2F /* EAC.png in Resources */ = {isa = PBXBuildFile; fileRef = 372A520C1A31785F00A21D2F /* EAC.png */; };
		372A52101A31899400A21D2F /* AdminResults.m in Sources */ = {isa = PBXBuildFile; fileRef = 372A520F1A31899400A21D2F /* AdminResults.m */; };
		372A52131A3192B700A21D2F /* ResultsViewController.m in Sources */ = {isa = PBXBuildFile; fileRef = 372A52121A3192B700A21D2F /* ResultsViewController.m */; };
		372A52151A31976600A21D2F /* ResultsCell.xib in Resources */ = {isa = PBXBuildFile; fileRef = 372A52141A31976600A21D2F /* ResultsCell.xib */; };
		372A52181A31992400A21D2F /* ResultsCell.m in Sources */ = {isa = PBXBuildFile; fileRef = 372A52171A31992400A21D2F /* ResultsCell.m */; };
		372A521B1A31A48600A21D2F /* ResultsRow.m in Sources */ = {isa = PBXBuildFile; fileRef = 372A521A1A31A48600A21D2F /* ResultsRow.m */; };
		3750FDAD1A2A8F5500A2E742 /* CAC.png in Resources */ = {isa = PBXBuildFile; fileRef = 3750FDAB1A2A8F5500A2E742 /* CAC.png */; };
		37D1896F1A2157DF007EE1AB /* ClassCell.xib in Resources */ = {isa = PBXBuildFile; fileRef = 37D1896E1A2157DF007EE1AB /* ClassCell.xib */; };
		37D189721A21599E007EE1AB /* ClassCellTableViewCell.m in Sources */ = {isa = PBXBuildFile; fileRef = 37D189711A21599E007EE1AB /* ClassCellTableViewCell.m */; };
		37D189781A215EC3007EE1AB /* ClassPage.m in Sources */ = {isa = PBXBuildFile; fileRef = 37D189771A215EC3007EE1AB /* ClassPage.m */; };
		37D1897A1A21613A007EE1AB /* Main.storyboard in Resources */ = {isa = PBXBuildFile; fileRef = 37D189791A21613A007EE1AB /* Main.storyboard */; };
		37D22D691A2A71220076E54E /* ClassObject.m in Sources */ = {isa = PBXBuildFile; fileRef = 37D22D681A2A71220076E54E /* ClassObject.m */; };
		37D9458B1A1B004200565E7C /* elephantsincherrytrees.ttf in Resources */ = {isa = PBXBuildFile; fileRef = 37D9458A1A1AFF9D00565E7C /* elephantsincherrytrees.ttf */; };
		37DD2C221A2A42FA00E0A5CC /* ProfessorCell.xib in Resources */ = {isa = PBXBuildFile; fileRef = 37DD2C211A2A42FA00E0A5CC /* ProfessorCell.xib */; };
		37DD2C251A2A442000E0A5CC /* ProfessorCell.m in Sources */ = {isa = PBXBuildFile; fileRef = 37DD2C241A2A442000E0A5CC /* ProfessorCell.m */; };
		37E2597D1A22B9E500EB9E2E /* submit.png in Resources */ = {isa = PBXBuildFile; fileRef = 37E2597C1A22B9E500EB9E2E /* submit.png */; };
		37E259801A22C61200EB9E2E /* accreditz_bg.png in Resources */ = {isa = PBXBuildFile; fileRef = 37E2597F1A22C61200EB9E2E /* accreditz_bg.png */; };
		37E259931A22CE1600EB9E2E /* asterisk.png in Resources */ = {isa = PBXBuildFile; fileRef = 37E259921A22CE1600EB9E2E /* asterisk.png */; };
		37E259951A22CE8500EB9E2E /* asterisk2.png in Resources */ = {isa = PBXBuildFile; fileRef = 37E259941A22CE8500EB9E2E /* asterisk2.png */; };
		37E259971A22E74600EB9E2E /* Outcome2.png in Resources */ = {isa = PBXBuildFile; fileRef = 37E259961A22E74600EB9E2E /* Outcome2.png */; };
		37E2599A1A23AFEA00EB9E2E /* SearchPage.m in Sources */ = {isa = PBXBuildFile; fileRef = 37E259991A23AFEA00EB9E2E /* SearchPage.m */; };
		37E259A21A23B3AE00EB9E2E /* search_button.png in Resources */ = {isa = PBXBuildFile; fileRef = 37E259A11A23B3AE00EB9E2E /* search_button.png */; };
		37E259A41A23B42C00EB9E2E /* search_bar.png in Resources */ = {isa = PBXBuildFile; fileRef = 37E259A31A23B42C00EB9E2E /* search_bar.png */; };
		37E259A81A23BA7700EB9E2E /* SearchCategory.xib in Resources */ = {isa = PBXBuildFile; fileRef = 37E259A71A23BA7700EB9E2E /* SearchCategory.xib */; };
		37E259AB1A23BB5D00EB9E2E /* SearchCategory.m in Sources */ = {isa = PBXBuildFile; fileRef = 37E259AA1A23BB5D00EB9E2E /* SearchCategory.m */; };
		37E259AD1A23BE1700EB9E2E /* search_drop_down.png in Resources */ = {isa = PBXBuildFile; fileRef = 37E259AC1A23BE1700EB9E2E /* search_drop_down.png */; };
		37E92ADB1A1BD099002ED49C /* smu.png in Resources */ = {isa = PBXBuildFile; fileRef = 37E92ADA1A1BD099002ED49C /* smu.png */; };
		37E92AE01A1BE87A002ED49C /* icon@2x.png in Resources */ = {isa = PBXBuildFile; fileRef = 37E92ADF1A1BE87A002ED49C /* icon@2x.png */; };
		37E92AE31A1BE93A002ED49C /* icon76.png in Resources */ = {isa = PBXBuildFile; fileRef = 37E92AE11A1BE93A002ED49C /* icon76.png */; };
		37E92AE41A1BE93A002ED49C /* icon76@2x.png in Resources */ = {isa = PBXBuildFile; fileRef = 37E92AE21A1BE93A002ED49C /* icon76@2x.png */; };
		38CE0DB91A1AEB31009AF819 /* main.m in Sources */ = {isa = PBXBuildFile; fileRef = 38CE0DB81A1AEB31009AF819 /* main.m */; };
		38CE0DBC1A1AEB31009AF819 /* AppDelegate.m in Sources */ = {isa = PBXBuildFile; fileRef = 38CE0DBB1A1AEB31009AF819 /* AppDelegate.m */; };
		38CE0DBF1A1AEB31009AF819 /* ViewController.m in Sources */ = {isa = PBXBuildFile; fileRef = 38CE0DBE1A1AEB31009AF819 /* ViewController.m */; };
		38CE0DC41A1AEB31009AF819 /* Images.xcassets in Resources */ = {isa = PBXBuildFile; fileRef = 38CE0DC31A1AEB31009AF819 /* Images.xcassets */; };
		38CE0DC71A1AEB31009AF819 /* LaunchScreen.xib in Resources */ = {isa = PBXBuildFile; fileRef = 38CE0DC51A1AEB31009AF819 /* LaunchScreen.xib */; };
		38CE0DD31A1AEB31009AF819 /* AccreditzTests.m in Sources */ = {isa = PBXBuildFile; fileRef = 38CE0DD21A1AEB31009AF819 /* AccreditzTests.m */; };
/* End PBXBuildFile section */

/* Begin PBXContainerItemProxy section */
		38CE0DCD1A1AEB31009AF819 /* PBXContainerItemProxy */ = {
			isa = PBXContainerItemProxy;
			containerPortal = 38CE0DAB1A1AEB31009AF819 /* Project object */;
			proxyType = 1;
			remoteGlobalIDString = 38CE0DB21A1AEB31009AF819;
			remoteInfo = Accreditz;
		};
/* End PBXContainerItemProxy section */

/* Begin PBXFileReference section */
		370159161A226AE20033F609 /* RosterCell.xib */ = {isa = PBXFileReference; fileEncoding = 4; lastKnownFileType = file.xib; name = RosterCell.xib; path = ../RosterCell.xib; sourceTree = "<group>"; };
		3701591B1A226D190033F609 /* RosterCell.h */ = {isa = PBXFileReference; fileEncoding = 4; lastKnownFileType = sourcecode.c.h; name = RosterCell.h; path = ../RosterCell.h; sourceTree = "<group>"; };
		3701591C1A226D190033F609 /* RosterCell.m */ = {isa = PBXFileReference; fileEncoding = 4; lastKnownFileType = sourcecode.c.objc; name = RosterCell.m; path = ../RosterCell.m; sourceTree = "<group>"; };
		3701591E1A2272560033F609 /* OutcomeCell.xib */ = {isa = PBXFileReference; fileEncoding = 4; lastKnownFileType = file.xib; path = OutcomeCell.xib; sourceTree = "<group>"; };
		370159201A2272C80033F609 /* OutcomeCell.h */ = {isa = PBXFileReference; fileEncoding = 4; lastKnownFileType = sourcecode.c.h; path = OutcomeCell.h; sourceTree = "<group>"; };
		370159211A2272C80033F609 /* OutcomeCell.m */ = {isa = PBXFileReference; fileEncoding = 4; lastKnownFileType = sourcecode.c.objc; path = OutcomeCell.m; sourceTree = "<group>"; };
		370159231A227A640033F609 /* Outcome.png */ = {isa = PBXFileReference; lastKnownFileType = image.png; path = Outcome.png; sourceTree = "<group>"; };
		3701592E1A22A26D0033F609 /* PerformanceIndicators.xib */ = {isa = PBXFileReference; fileEncoding = 4; lastKnownFileType = file.xib; path = PerformanceIndicators.xib; sourceTree = "<group>"; };
		370159301A22A31B0033F609 /* PerformanceIndicators.h */ = {isa = PBXFileReference; fileEncoding = 4; lastKnownFileType = sourcecode.c.h; name = PerformanceIndicators.h; path = ../PerformanceIndicators.h; sourceTree = "<group>"; };
		370159311A22A31B0033F609 /* PerformanceIndicators.m */ = {isa = PBXFileReference; fileEncoding = 4; lastKnownFileType = sourcecode.c.objc; name = PerformanceIndicators.m; path = ../PerformanceIndicators.m; sourceTree = "<group>"; };
		370159331A22A85F0033F609 /* separator.png */ = {isa = PBXFileReference; lastKnownFileType = image.png; path = separator.png; sourceTree = "<group>"; };
		37042A0C1A2033AA00C7EA69 /* ClassList.h */ = {isa = PBXFileReference; fileEncoding = 4; lastKnownFileType = sourcecode.c.h; path = ClassList.h; sourceTree = "<group>"; };
		37042A0D1A2033AA00C7EA69 /* ClassList.m */ = {isa = PBXFileReference; fileEncoding = 4; lastKnownFileType = sourcecode.c.objc; path = ClassList.m; sourceTree = "<group>"; };
		372A52061A31736300A21D2F /* drop-down.png */ = {isa = PBXFileReference; lastKnownFileType = image.png; path = "drop-down.png"; sourceTree = "<group>"; };
		372A520C1A31785F00A21D2F /* EAC.png */ = {isa = PBXFileReference; lastKnownFileType = image.png; path = EAC.png; sourceTree = "<group>"; };
		372A520E1A31899400A21D2F /* AdminResults.h */ = {isa = PBXFileReference; fileEncoding = 4; lastKnownFileType = sourcecode.c.h; path = AdminResults.h; sourceTree = "<group>"; };
		372A520F1A31899400A21D2F /* AdminResults.m */ = {isa = PBXFileReference; fileEncoding = 4; lastKnownFileType = sourcecode.c.objc; path = AdminResults.m; sourceTree = "<group>"; };
		372A52111A3192B700A21D2F /* ResultsViewController.h */ = {isa = PBXFileReference; fileEncoding = 4; lastKnownFileType = sourcecode.c.h; path = ResultsViewController.h; sourceTree = "<group>"; };
		372A52121A3192B700A21D2F /* ResultsViewController.m */ = {isa = PBXFileReference; fileEncoding = 4; lastKnownFileType = sourcecode.c.objc; path = ResultsViewController.m; sourceTree = "<group>"; };
		372A52141A31976600A21D2F /* ResultsCell.xib */ = {isa = PBXFileReference; fileEncoding = 4; lastKnownFileType = file.xib; path = ResultsCell.xib; sourceTree = "<group>"; };
		372A52161A31992400A21D2F /* ResultsCell.h */ = {isa = PBXFileReference; fileEncoding = 4; lastKnownFileType = sourcecode.c.h; path = ResultsCell.h; sourceTree = "<group>"; };
		372A52171A31992400A21D2F /* ResultsCell.m */ = {isa = PBXFileReference; fileEncoding = 4; lastKnownFileType = sourcecode.c.objc; path = ResultsCell.m; sourceTree = "<group>"; };
		372A52191A31A48600A21D2F /* ResultsRow.h */ = {isa = PBXFileReference; fileEncoding = 4; lastKnownFileType = sourcecode.c.h; path = ResultsRow.h; sourceTree = "<group>"; };
		372A521A1A31A48600A21D2F /* ResultsRow.m */ = {isa = PBXFileReference; fileEncoding = 4; lastKnownFileType = sourcecode.c.objc; path = ResultsRow.m; sourceTree = "<group>"; };
		3750FDAB1A2A8F5500A2E742 /* CAC.png */ = {isa = PBXFileReference; lastKnownFileType = image.png; path = CAC.png; sourceTree = "<group>"; };
		37D1896E1A2157DF007EE1AB /* ClassCell.xib */ = {isa = PBXFileReference; fileEncoding = 4; lastKnownFileType = file.xib; path = ClassCell.xib; sourceTree = "<group>"; };
		37D189701A21599E007EE1AB /* ClassCellTableViewCell.h */ = {isa = PBXFileReference; fileEncoding = 4; lastKnownFileType = sourcecode.c.h; path = ClassCellTableViewCell.h; sourceTree = "<group>"; };
		37D189711A21599E007EE1AB /* ClassCellTableViewCell.m */ = {isa = PBXFileReference; fileEncoding = 4; lastKnownFileType = sourcecode.c.objc; path = ClassCellTableViewCell.m; sourceTree = "<group>"; };
		37D189761A215EC3007EE1AB /* ClassPage.h */ = {isa = PBXFileReference; fileEncoding = 4; lastKnownFileType = sourcecode.c.h; name = ClassPage.h; path = ../ClassPage.h; sourceTree = "<group>"; };
		37D189771A215EC3007EE1AB /* ClassPage.m */ = {isa = PBXFileReference; fileEncoding = 4; lastKnownFileType = sourcecode.c.objc; name = ClassPage.m; path = ../ClassPage.m; sourceTree = "<group>"; };
		37D189791A21613A007EE1AB /* Main.storyboard */ = {isa = PBXFileReference; fileEncoding = 4; lastKnownFileType = file.storyboard; path = Main.storyboard; sourceTree = "<group>"; };
		37D22D671A2A71220076E54E /* ClassObject.h */ = {isa = PBXFileReference; fileEncoding = 4; lastKnownFileType = sourcecode.c.h; name = ClassObject.h; path = ../ClassObject.h; sourceTree = "<group>"; };
		37D22D681A2A71220076E54E /* ClassObject.m */ = {isa = PBXFileReference; fileEncoding = 4; lastKnownFileType = sourcecode.c.objc; name = ClassObject.m; path = ../ClassObject.m; sourceTree = "<group>"; };
		37D9458A1A1AFF9D00565E7C /* elephantsincherrytrees.ttf */ = {isa = PBXFileReference; lastKnownFileType = file; path = elephantsincherrytrees.ttf; sourceTree = "<group>"; };
		37DD2C211A2A42FA00E0A5CC /* ProfessorCell.xib */ = {isa = PBXFileReference; fileEncoding = 4; lastKnownFileType = file.xib; path = ProfessorCell.xib; sourceTree = "<group>"; };
		37DD2C231A2A442000E0A5CC /* ProfessorCell.h */ = {isa = PBXFileReference; fileEncoding = 4; lastKnownFileType = sourcecode.c.h; path = ProfessorCell.h; sourceTree = "<group>"; };
		37DD2C241A2A442000E0A5CC /* ProfessorCell.m */ = {isa = PBXFileReference; fileEncoding = 4; lastKnownFileType = sourcecode.c.objc; path = ProfessorCell.m; sourceTree = "<group>"; };
		37E2597C1A22B9E500EB9E2E /* submit.png */ = {isa = PBXFileReference; lastKnownFileType = image.png; path = submit.png; sourceTree = "<group>"; };
		37E2597F1A22C61200EB9E2E /* accreditz_bg.png */ = {isa = PBXFileReference; lastKnownFileType = image.png; path = accreditz_bg.png; sourceTree = "<group>"; };
		37E259921A22CE1600EB9E2E /* asterisk.png */ = {isa = PBXFileReference; lastKnownFileType = image.png; path = asterisk.png; sourceTree = "<group>"; };
		37E259941A22CE8500EB9E2E /* asterisk2.png */ = {isa = PBXFileReference; lastKnownFileType = image.png; path = asterisk2.png; sourceTree = "<group>"; };
		37E259961A22E74600EB9E2E /* Outcome2.png */ = {isa = PBXFileReference; lastKnownFileType = image.png; path = Outcome2.png; sourceTree = "<group>"; };
		37E259981A23AFEA00EB9E2E /* SearchPage.h */ = {isa = PBXFileReference; fileEncoding = 4; lastKnownFileType = sourcecode.c.h; name = SearchPage.h; path = ../SearchPage.h; sourceTree = "<group>"; };
		37E259991A23AFEA00EB9E2E /* SearchPage.m */ = {isa = PBXFileReference; fileEncoding = 4; lastKnownFileType = sourcecode.c.objc; name = SearchPage.m; path = ../SearchPage.m; sourceTree = "<group>"; };
		37E259A11A23B3AE00EB9E2E /* search_button.png */ = {isa = PBXFileReference; lastKnownFileType = image.png; path = search_button.png; sourceTree = "<group>"; };
		37E259A31A23B42C00EB9E2E /* search_bar.png */ = {isa = PBXFileReference; lastKnownFileType = image.png; path = search_bar.png; sourceTree = "<group>"; };
		37E259A71A23BA7700EB9E2E /* SearchCategory.xib */ = {isa = PBXFileReference; fileEncoding = 4; lastKnownFileType = file.xib; path = SearchCategory.xib; sourceTree = "<group>"; };
		37E259A91A23BB5D00EB9E2E /* SearchCategory.h */ = {isa = PBXFileReference; fileEncoding = 4; lastKnownFileType = sourcecode.c.h; name = SearchCategory.h; path = ../SearchCategory.h; sourceTree = "<group>"; };
		37E259AA1A23BB5D00EB9E2E /* SearchCategory.m */ = {isa = PBXFileReference; fileEncoding = 4; lastKnownFileType = sourcecode.c.objc; name = SearchCategory.m; path = ../SearchCategory.m; sourceTree = "<group>"; };
		37E259AC1A23BE1700EB9E2E /* search_drop_down.png */ = {isa = PBXFileReference; lastKnownFileType = image.png; path = search_drop_down.png; sourceTree = "<group>"; };
		37E92ADA1A1BD099002ED49C /* smu.png */ = {isa = PBXFileReference; lastKnownFileType = image.png; path = smu.png; sourceTree = "<group>"; };
		37E92ADF1A1BE87A002ED49C /* icon@2x.png */ = {isa = PBXFileReference; lastKnownFileType = image.png; path = "icon@2x.png"; sourceTree = "<group>"; };
		37E92AE11A1BE93A002ED49C /* icon76.png */ = {isa = PBXFileReference; lastKnownFileType = image.png; path = icon76.png; sourceTree = "<group>"; };
		37E92AE21A1BE93A002ED49C /* icon76@2x.png */ = {isa = PBXFileReference; lastKnownFileType = image.png; path = "icon76@2x.png"; sourceTree = "<group>"; };
		38CE0DB31A1AEB31009AF819 /* Accreditz.app */ = {isa = PBXFileReference; explicitFileType = wrapper.application; includeInIndex = 0; path = Accreditz.app; sourceTree = BUILT_PRODUCTS_DIR; };
		38CE0DB71A1AEB31009AF819 /* Info.plist */ = {isa = PBXFileReference; lastKnownFileType = text.plist.xml; path = Info.plist; sourceTree = "<group>"; };
		38CE0DB81A1AEB31009AF819 /* main.m */ = {isa = PBXFileReference; lastKnownFileType = sourcecode.c.objc; path = main.m; sourceTree = "<group>"; };
		38CE0DBA1A1AEB31009AF819 /* AppDelegate.h */ = {isa = PBXFileReference; lastKnownFileType = sourcecode.c.h; path = AppDelegate.h; sourceTree = "<group>"; };
		38CE0DBB1A1AEB31009AF819 /* AppDelegate.m */ = {isa = PBXFileReference; lastKnownFileType = sourcecode.c.objc; path = AppDelegate.m; sourceTree = "<group>"; };
		38CE0DBD1A1AEB31009AF819 /* ViewController.h */ = {isa = PBXFileReference; lastKnownFileType = sourcecode.c.h; path = ViewController.h; sourceTree = "<group>"; };
		38CE0DBE1A1AEB31009AF819 /* ViewController.m */ = {isa = PBXFileReference; lastKnownFileType = sourcecode.c.objc; path = ViewController.m; sourceTree = "<group>"; };
		38CE0DC31A1AEB31009AF819 /* Images.xcassets */ = {isa = PBXFileReference; lastKnownFileType = folder.assetcatalog; path = Images.xcassets; sourceTree = "<group>"; };
		38CE0DC61A1AEB31009AF819 /* Base */ = {isa = PBXFileReference; lastKnownFileType = file.xib; name = Base; path = Base.lproj/LaunchScreen.xib; sourceTree = "<group>"; };
		38CE0DCC1A1AEB31009AF819 /* AccreditzTests.xctest */ = {isa = PBXFileReference; explicitFileType = wrapper.cfbundle; includeInIndex = 0; path = AccreditzTests.xctest; sourceTree = BUILT_PRODUCTS_DIR; };
		38CE0DD11A1AEB31009AF819 /* Info.plist */ = {isa = PBXFileReference; lastKnownFileType = text.plist.xml; path = Info.plist; sourceTree = "<group>"; };
		38CE0DD21A1AEB31009AF819 /* AccreditzTests.m */ = {isa = PBXFileReference; lastKnownFileType = sourcecode.c.objc; path = AccreditzTests.m; sourceTree = "<group>"; };
/* End PBXFileReference section */

/* Begin PBXFrameworksBuildPhase section */
		38CE0DB01A1AEB31009AF819 /* Frameworks */ = {
			isa = PBXFrameworksBuildPhase;
			buildActionMask = 2147483647;
			files = (
			);
			runOnlyForDeploymentPostprocessing = 0;
		};
		38CE0DC91A1AEB31009AF819 /* Frameworks */ = {
			isa = PBXFrameworksBuildPhase;
			buildActionMask = 2147483647;
			files = (
			);
			runOnlyForDeploymentPostprocessing = 0;
		};
/* End PBXFrameworksBuildPhase section */

/* Begin PBXGroup section */
		3777098A1A2152F7009E1A73 /* images */ = {
			isa = PBXGroup;
			children = (
				370159231A227A640033F609 /* Outcome.png */,
				3750FDAB1A2A8F5500A2E742 /* CAC.png */,
				37E92AE11A1BE93A002ED49C /* icon76.png */,
				37E92AE21A1BE93A002ED49C /* icon76@2x.png */,
				37E259921A22CE1600EB9E2E /* asterisk.png */,
				37E2597F1A22C61200EB9E2E /* accreditz_bg.png */,
				370159331A22A85F0033F609 /* separator.png */,
				37E259AC1A23BE1700EB9E2E /* search_drop_down.png */,
				372A52061A31736300A21D2F /* drop-down.png */,
				37E259A31A23B42C00EB9E2E /* search_bar.png */,
				37E259A11A23B3AE00EB9E2E /* search_button.png */,
				372A520C1A31785F00A21D2F /* EAC.png */,
				37E259961A22E74600EB9E2E /* Outcome2.png */,
				37E259941A22CE8500EB9E2E /* asterisk2.png */,
				37E2597C1A22B9E500EB9E2E /* submit.png */,
				37D9458A1A1AFF9D00565E7C /* elephantsincherrytrees.ttf */,
				37E92ADF1A1BE87A002ED49C /* icon@2x.png */,
				37E92ADA1A1BD099002ED49C /* smu.png */,
			);
			name = images;
			sourceTree = "<group>";
		};
		38CE0DAA1A1AEB31009AF819 = {
			isa = PBXGroup;
			children = (
				38CE0DB51A1AEB31009AF819 /* Accreditz */,
				38CE0DCF1A1AEB31009AF819 /* AccreditzTests */,
				38CE0DB41A1AEB31009AF819 /* Products */,
			);
			sourceTree = "<group>";
		};
		38CE0DB41A1AEB31009AF819 /* Products */ = {
			isa = PBXGroup;
			children = (
				38CE0DB31A1AEB31009AF819 /* Accreditz.app */,
				38CE0DCC1A1AEB31009AF819 /* AccreditzTests.xctest */,
			);
			name = Products;
			sourceTree = "<group>";
		};
		38CE0DB51A1AEB31009AF819 /* Accreditz */ = {
			isa = PBXGroup;
			children = (
				3777098A1A2152F7009E1A73 /* images */,
				38CE0DBA1A1AEB31009AF819 /* AppDelegate.h */,
				38CE0DBB1A1AEB31009AF819 /* AppDelegate.m */,
				37D22D671A2A71220076E54E /* ClassObject.h */,
				37D22D681A2A71220076E54E /* ClassObject.m */,
				37042A0C1A2033AA00C7EA69 /* ClassList.h */,
				37042A0D1A2033AA00C7EA69 /* ClassList.m */,
				37D189761A215EC3007EE1AB /* ClassPage.h */,
				37D189771A215EC3007EE1AB /* ClassPage.m */,
				38CE0DBD1A1AEB31009AF819 /* ViewController.h */,
				38CE0DBE1A1AEB31009AF819 /* ViewController.m */,
				370159201A2272C80033F609 /* OutcomeCell.h */,
				370159211A2272C80033F609 /* OutcomeCell.m */,
				3701591B1A226D190033F609 /* RosterCell.h */,
				3701591C1A226D190033F609 /* RosterCell.m */,
				37DD2C231A2A442000E0A5CC /* ProfessorCell.h */,
				37DD2C241A2A442000E0A5CC /* ProfessorCell.m */,
				37E259A91A23BB5D00EB9E2E /* SearchCategory.h */,
				37E259AA1A23BB5D00EB9E2E /* SearchCategory.m */,
				370159301A22A31B0033F609 /* PerformanceIndicators.h */,
				370159311A22A31B0033F609 /* PerformanceIndicators.m */,
				37D189701A21599E007EE1AB /* ClassCellTableViewCell.h */,
				37D189711A21599E007EE1AB /* ClassCellTableViewCell.m */,
				37E259981A23AFEA00EB9E2E /* SearchPage.h */,
				37E259991A23AFEA00EB9E2E /* SearchPage.m */,
				37D189791A21613A007EE1AB /* Main.storyboard */,
				372A52111A3192B700A21D2F /* ResultsViewController.h */,
				372A52121A3192B700A21D2F /* ResultsViewController.m */,
				372A52191A31A48600A21D2F /* ResultsRow.h */,
				372A521A1A31A48600A21D2F /* ResultsRow.m */,
				372A520E1A31899400A21D2F /* AdminResults.h */,
				372A520F1A31899400A21D2F /* AdminResults.m */,
				37DD2C211A2A42FA00E0A5CC /* ProfessorCell.xib */,
				372A52141A31976600A21D2F /* ResultsCell.xib */,
				372A52161A31992400A21D2F /* ResultsCell.h */,
				372A52171A31992400A21D2F /* ResultsCell.m */,
				3701592E1A22A26D0033F609 /* PerformanceIndicators.xib */,
				370159161A226AE20033F609 /* RosterCell.xib */,
				3701591E1A2272560033F609 /* OutcomeCell.xib */,
				37D1896E1A2157DF007EE1AB /* ClassCell.xib */,
				37E259A71A23BA7700EB9E2E /* SearchCategory.xib */,
				38CE0DC31A1AEB31009AF819 /* Images.xcassets */,
				38CE0DC51A1AEB31009AF819 /* LaunchScreen.xib */,
				38CE0DB61A1AEB31009AF819 /* Supporting Files */,
			);
			path = Accreditz;
			sourceTree = "<group>";
		};
		38CE0DB61A1AEB31009AF819 /* Supporting Files */ = {
			isa = PBXGroup;
			children = (
				38CE0DB71A1AEB31009AF819 /* Info.plist */,
				38CE0DB81A1AEB31009AF819 /* main.m */,
			);
			name = "Supporting Files";
			sourceTree = "<group>";
		};
		38CE0DCF1A1AEB31009AF819 /* AccreditzTests */ = {
			isa = PBXGroup;
			children = (
				38CE0DD21A1AEB31009AF819 /* AccreditzTests.m */,
				38CE0DD01A1AEB31009AF819 /* Supporting Files */,
			);
			path = AccreditzTests;
			sourceTree = "<group>";
		};
		38CE0DD01A1AEB31009AF819 /* Supporting Files */ = {
			isa = PBXGroup;
			children = (
				38CE0DD11A1AEB31009AF819 /* Info.plist */,
			);
			name = "Supporting Files";
			sourceTree = "<group>";
		};
/* End PBXGroup section */

/* Begin PBXNativeTarget section */
		38CE0DB21A1AEB31009AF819 /* Accreditz */ = {
			isa = PBXNativeTarget;
			buildConfigurationList = 38CE0DD61A1AEB31009AF819 /* Build configuration list for PBXNativeTarget "Accreditz" */;
			buildPhases = (
				38CE0DAF1A1AEB31009AF819 /* Sources */,
				38CE0DB01A1AEB31009AF819 /* Frameworks */,
				38CE0DB11A1AEB31009AF819 /* Resources */,
			);
			buildRules = (
			);
			dependencies = (
			);
			name = Accreditz;
			productName = Accreditz;
			productReference = 38CE0DB31A1AEB31009AF819 /* Accreditz.app */;
			productType = "com.apple.product-type.application";
		};
		38CE0DCB1A1AEB31009AF819 /* AccreditzTests */ = {
			isa = PBXNativeTarget;
			buildConfigurationList = 38CE0DD91A1AEB31009AF819 /* Build configuration list for PBXNativeTarget "AccreditzTests" */;
			buildPhases = (
				38CE0DC81A1AEB31009AF819 /* Sources */,
				38CE0DC91A1AEB31009AF819 /* Frameworks */,
				38CE0DCA1A1AEB31009AF819 /* Resources */,
			);
			buildRules = (
			);
			dependencies = (
				38CE0DCE1A1AEB31009AF819 /* PBXTargetDependency */,
			);
			name = AccreditzTests;
			productName = AccreditzTests;
			productReference = 38CE0DCC1A1AEB31009AF819 /* AccreditzTests.xctest */;
			productType = "com.apple.product-type.bundle.unit-test";
		};
/* End PBXNativeTarget section */

/* Begin PBXProject section */
		38CE0DAB1A1AEB31009AF819 /* Project object */ = {
			isa = PBXProject;
			attributes = {
				LastUpgradeCheck = 0610;
				ORGANIZATIONNAME = Sharkbait;
				TargetAttributes = {
					38CE0DB21A1AEB31009AF819 = {
						CreatedOnToolsVersion = 6.1;
					};
					38CE0DCB1A1AEB31009AF819 = {
						CreatedOnToolsVersion = 6.1;
						TestTargetID = 38CE0DB21A1AEB31009AF819;
					};
				};
			};
			buildConfigurationList = 38CE0DAE1A1AEB31009AF819 /* Build configuration list for PBXProject "Accreditz" */;
			compatibilityVersion = "Xcode 3.2";
			developmentRegion = English;
			hasScannedForEncodings = 0;
			knownRegions = (
				en,
				Base,
			);
			mainGroup = 38CE0DAA1A1AEB31009AF819;
			productRefGroup = 38CE0DB41A1AEB31009AF819 /* Products */;
			projectDirPath = "";
			projectRoot = "";
			targets = (
				38CE0DB21A1AEB31009AF819 /* Accreditz */,
				38CE0DCB1A1AEB31009AF819 /* AccreditzTests */,
			);
		};
/* End PBXProject section */

/* Begin PBXResourcesBuildPhase section */
		38CE0DB11A1AEB31009AF819 /* Resources */ = {
			isa = PBXResourcesBuildPhase;
			buildActionMask = 2147483647;
			files = (
				37E92AE01A1BE87A002ED49C /* icon@2x.png in Resources */,
				37E92AE41A1BE93A002ED49C /* icon76@2x.png in Resources */,
				3701591F1A2272560033F609 /* OutcomeCell.xib in Resources */,
				372A520D1A31785F00A21D2F /* EAC.png in Resources */,
				37D9458B1A1B004200565E7C /* elephantsincherrytrees.ttf in Resources */,
				37E259A81A23BA7700EB9E2E /* SearchCategory.xib in Resources */,
				37D1896F1A2157DF007EE1AB /* ClassCell.xib in Resources */,
				370159171A226AE20033F609 /* RosterCell.xib in Resources */,
				3701592F1A22A26D0033F609 /* PerformanceIndicators.xib in Resources */,
				37DD2C221A2A42FA00E0A5CC /* ProfessorCell.xib in Resources */,
				37E2597D1A22B9E500EB9E2E /* submit.png in Resources */,
				37E92AE31A1BE93A002ED49C /* icon76.png in Resources */,
				370159241A227A640033F609 /* Outcome.png in Resources */,
				37D1897A1A21613A007EE1AB /* Main.storyboard in Resources */,
				37E259931A22CE1600EB9E2E /* asterisk.png in Resources */,
				3750FDAD1A2A8F5500A2E742 /* CAC.png in Resources */,
				370159341A22A85F0033F609 /* separator.png in Resources */,
				372A52071A31736300A21D2F /* drop-down.png in Resources */,
				37E259951A22CE8500EB9E2E /* asterisk2.png in Resources */,
				37E259A41A23B42C00EB9E2E /* search_bar.png in Resources */,
				37E259971A22E74600EB9E2E /* Outcome2.png in Resources */,
				37E259AD1A23BE1700EB9E2E /* search_drop_down.png in Resources */,
				372A52151A31976600A21D2F /* ResultsCell.xib in Resources */,
				37E92ADB1A1BD099002ED49C /* smu.png in Resources */,
				38CE0DC71A1AEB31009AF819 /* LaunchScreen.xib in Resources */,
				37E259A21A23B3AE00EB9E2E /* search_button.png in Resources */,
				38CE0DC41A1AEB31009AF819 /* Images.xcassets in Resources */,
				37E259801A22C61200EB9E2E /* accreditz_bg.png in Resources */,
			);
			runOnlyForDeploymentPostprocessing = 0;
		};
		38CE0DCA1A1AEB31009AF819 /* Resources */ = {
			isa = PBXResourcesBuildPhase;
			buildActionMask = 2147483647;
			files = (
			);
			runOnlyForDeploymentPostprocessing = 0;
		};
/* End PBXResourcesBuildPhase section */

/* Begin PBXSourcesBuildPhase section */
		38CE0DAF1A1AEB31009AF819 /* Sources */ = {
			isa = PBXSourcesBuildPhase;
			buildActionMask = 2147483647;
			files = (
				370159321A22A31B0033F609 /* PerformanceIndicators.m in Sources */,
				37DD2C251A2A442000E0A5CC /* ProfessorCell.m in Sources */,
				372A52101A31899400A21D2F /* AdminResults.m in Sources */,
				37042A0E1A2033AA00C7EA69 /* ClassList.m in Sources */,
				3701591D1A226D190033F609 /* RosterCell.m in Sources */,
				37D22D691A2A71220076E54E /* ClassObject.m in Sources */,
				38CE0DBF1A1AEB31009AF819 /* ViewController.m in Sources */,
				38CE0DBC1A1AEB31009AF819 /* AppDelegate.m in Sources */,
				370159221A2272C80033F609 /* OutcomeCell.m in Sources */,
				372A52131A3192B700A21D2F /* ResultsViewController.m in Sources */,
				372A52181A31992400A21D2F /* ResultsCell.m in Sources */,
				37E259AB1A23BB5D00EB9E2E /* SearchCategory.m in Sources */,
				37E2599A1A23AFEA00EB9E2E /* SearchPage.m in Sources */,
				37D189781A215EC3007EE1AB /* ClassPage.m in Sources */,
				372A521B1A31A48600A21D2F /* ResultsRow.m in Sources */,
				38CE0DB91A1AEB31009AF819 /* main.m in Sources */,
				37D189721A21599E007EE1AB /* ClassCellTableViewCell.m in Sources */,
			);
			runOnlyForDeploymentPostprocessing = 0;
		};
		38CE0DC81A1AEB31009AF819 /* Sources */ = {
			isa = PBXSourcesBuildPhase;
			buildActionMask = 2147483647;
			files = (
				38CE0DD31A1AEB31009AF819 /* AccreditzTests.m in Sources */,
			);
			runOnlyForDeploymentPostprocessing = 0;
		};
/* End PBXSourcesBuildPhase section */

/* Begin PBXTargetDependency section */
		38CE0DCE1A1AEB31009AF819 /* PBXTargetDependency */ = {
			isa = PBXTargetDependency;
			target = 38CE0DB21A1AEB31009AF819 /* Accreditz */;
			targetProxy = 38CE0DCD1A1AEB31009AF819 /* PBXContainerItemProxy */;
		};
/* End PBXTargetDependency section */

/* Begin PBXVariantGroup section */
		38CE0DC51A1AEB31009AF819 /* LaunchScreen.xib */ = {
			isa = PBXVariantGroup;
			children = (
				38CE0DC61A1AEB31009AF819 /* Base */,
			);
			name = LaunchScreen.xib;
			sourceTree = "<group>";
		};
/* End PBXVariantGroup section */

/* Begin XCBuildConfiguration section */
		38CE0DD41A1AEB31009AF819 /* Debug */ = {
			isa = XCBuildConfiguration;
			buildSettings = {
				ALWAYS_SEARCH_USER_PATHS = NO;
				CLANG_CXX_LANGUAGE_STANDARD = "gnu++0x";
				CLANG_CXX_LIBRARY = "libc++";
				CLANG_ENABLE_MODULES = YES;
				CLANG_ENABLE_OBJC_ARC = YES;
				CLANG_WARN_BOOL_CONVERSION = YES;
				CLANG_WARN_CONSTANT_CONVERSION = YES;
				CLANG_WARN_DIRECT_OBJC_ISA_USAGE = YES_ERROR;
				CLANG_WARN_EMPTY_BODY = YES;
				CLANG_WARN_ENUM_CONVERSION = YES;
				CLANG_WARN_INT_CONVERSION = YES;
				CLANG_WARN_OBJC_ROOT_CLASS = YES_ERROR;
				CLANG_WARN_UNREACHABLE_CODE = YES;
				CLANG_WARN__DUPLICATE_METHOD_MATCH = YES;
				"CODE_SIGN_IDENTITY[sdk=iphoneos*]" = "iPhone Developer";
				COPY_PHASE_STRIP = NO;
				ENABLE_STRICT_OBJC_MSGSEND = YES;
				GCC_C_LANGUAGE_STANDARD = gnu99;
				GCC_DYNAMIC_NO_PIC = NO;
				GCC_OPTIMIZATION_LEVEL = 0;
				GCC_PREPROCESSOR_DEFINITIONS = (
					"DEBUG=1",
					"$(inherited)",
				);
				GCC_SYMBOLS_PRIVATE_EXTERN = NO;
				GCC_WARN_64_TO_32_BIT_CONVERSION = YES;
				GCC_WARN_ABOUT_RETURN_TYPE = YES_ERROR;
				GCC_WARN_UNDECLARED_SELECTOR = YES;
				GCC_WARN_UNINITIALIZED_AUTOS = YES_AGGRESSIVE;
				GCC_WARN_UNUSED_FUNCTION = YES;
				GCC_WARN_UNUSED_VARIABLE = YES;
				IPHONEOS_DEPLOYMENT_TARGET = 8.1;
				MTL_ENABLE_DEBUG_INFO = YES;
				ONLY_ACTIVE_ARCH = YES;
				SDKROOT = iphoneos;
				TARGETED_DEVICE_FAMILY = 2;
			};
			name = Debug;
		};
		38CE0DD51A1AEB31009AF819 /* Release */ = {
			isa = XCBuildConfiguration;
			buildSettings = {
				ALWAYS_SEARCH_USER_PATHS = NO;
				CLANG_CXX_LANGUAGE_STANDARD = "gnu++0x";
				CLANG_CXX_LIBRARY = "libc++";
				CLANG_ENABLE_MODULES = YES;
				CLANG_ENABLE_OBJC_ARC = YES;
				CLANG_WARN_BOOL_CONVERSION = YES;
				CLANG_WARN_CONSTANT_CONVERSION = YES;
				CLANG_WARN_DIRECT_OBJC_ISA_USAGE = YES_ERROR;
				CLANG_WARN_EMPTY_BODY = YES;
				CLANG_WARN_ENUM_CONVERSION = YES;
				CLANG_WARN_INT_CONVERSION = YES;
				CLANG_WARN_OBJC_ROOT_CLASS = YES_ERROR;
				CLANG_WARN_UNREACHABLE_CODE = YES;
				CLANG_WARN__DUPLICATE_METHOD_MATCH = YES;
				"CODE_SIGN_IDENTITY[sdk=iphoneos*]" = "iPhone Developer";
				COPY_PHASE_STRIP = YES;
				ENABLE_NS_ASSERTIONS = NO;
				ENABLE_STRICT_OBJC_MSGSEND = YES;
				GCC_C_LANGUAGE_STANDARD = gnu99;
				GCC_WARN_64_TO_32_BIT_CONVERSION = YES;
				GCC_WARN_ABOUT_RETURN_TYPE = YES_ERROR;
				GCC_WARN_UNDECLARED_SELECTOR = YES;
				GCC_WARN_UNINITIALIZED_AUTOS = YES_AGGRESSIVE;
				GCC_WARN_UNUSED_FUNCTION = YES;
				GCC_WARN_UNUSED_VARIABLE = YES;
				IPHONEOS_DEPLOYMENT_TARGET = 8.1;
				MTL_ENABLE_DEBUG_INFO = NO;
				SDKROOT = iphoneos;
				TARGETED_DEVICE_FAMILY = 2;
				VALIDATE_PRODUCT = YES;
			};
			name = Release;
		};
		38CE0DD71A1AEB31009AF819 /* Debug */ = {
			isa = XCBuildConfiguration;
			buildSettings = {
				ASSETCATALOG_COMPILER_APPICON_NAME = AppIcon;
				INFOPLIST_FILE = Accreditz/Info.plist;
				LD_RUNPATH_SEARCH_PATHS = "$(inherited) @executable_path/Frameworks";
				PRODUCT_NAME = "$(TARGET_NAME)";
			};
			name = Debug;
		};
		38CE0DD81A1AEB31009AF819 /* Release */ = {
			isa = XCBuildConfiguration;
			buildSettings = {
				ASSETCATALOG_COMPILER_APPICON_NAME = AppIcon;
				INFOPLIST_FILE = Accreditz/Info.plist;
				LD_RUNPATH_SEARCH_PATHS = "$(inherited) @executable_path/Frameworks";
				PRODUCT_NAME = "$(TARGET_NAME)";
			};
			name = Release;
		};
		38CE0DDA1A1AEB31009AF819 /* Debug */ = {
			isa = XCBuildConfiguration;
			buildSettings = {
				BUNDLE_LOADER = "$(TEST_HOST)";
				FRAMEWORK_SEARCH_PATHS = (
					"$(SDKROOT)/Developer/Library/Frameworks",
					"$(inherited)",
				);
				GCC_PREPROCESSOR_DEFINITIONS = (
					"DEBUG=1",
					"$(inherited)",
				);
				INFOPLIST_FILE = AccreditzTests/Info.plist;
				LD_RUNPATH_SEARCH_PATHS = "$(inherited) @executable_path/Frameworks @loader_path/Frameworks";
				PRODUCT_NAME = "$(TARGET_NAME)";
				TEST_HOST = "$(BUILT_PRODUCTS_DIR)/Accreditz.app/Accreditz";
			};
			name = Debug;
		};
		38CE0DDB1A1AEB31009AF819 /* Release */ = {
			isa = XCBuildConfiguration;
			buildSettings = {
				BUNDLE_LOADER = "$(TEST_HOST)";
				FRAMEWORK_SEARCH_PATHS = (
					"$(SDKROOT)/Developer/Library/Frameworks",
					"$(inherited)",
				);
				INFOPLIST_FILE = AccreditzTests/Info.plist;
				LD_RUNPATH_SEARCH_PATHS = "$(inherited) @executable_path/Frameworks @loader_path/Frameworks";
				PRODUCT_NAME = "$(TARGET_NAME)";
				TEST_HOST = "$(BUILT_PRODUCTS_DIR)/Accreditz.app/Accreditz";
			};
			name = Release;
		};
/* End XCBuildConfiguration section */

/* Begin XCConfigurationList section */
		38CE0DAE1A1AEB31009AF819 /* Build configuration list for PBXProject "Accreditz" */ = {
			isa = XCConfigurationList;
			buildConfigurations = (
				38CE0DD41A1AEB31009AF819 /* Debug */,
				38CE0DD51A1AEB31009AF819 /* Release */,
			);
			defaultConfigurationIsVisible = 0;
			defaultConfigurationName = Release;
		};
		38CE0DD61A1AEB31009AF819 /* Build configuration list for PBXNativeTarget "Accreditz" */ = {
			isa = XCConfigurationList;
			buildConfigurations = (
				38CE0DD71A1AEB31009AF819 /* Debug */,
				38CE0DD81A1AEB31009AF819 /* Release */,
			);
			defaultConfigurationIsVisible = 0;
			defaultConfigurationName = Release;
		};
		38CE0DD91A1AEB31009AF819 /* Build configuration list for PBXNativeTarget "AccreditzTests" */ = {
			isa = XCConfigurationList;
			buildConfigurations = (
				38CE0DDA1A1AEB31009AF819 /* Debug */,
				38CE0DDB1A1AEB31009AF819 /* Release */,
			);
			defaultConfigurationIsVisible = 0;
			defaultConfigurationName = Release;
		};
/* End XCConfigurationList section */
	};
	rootObject = 38CE0DAB1A1AEB31009AF819 /* Project object */;
}
